{
  "name": "countdown",
  "requires": true,
  "lockfileVersion": 1,
  "dependencies": {
    "@formatjs/intl-datetimeformat": {
      "version": "2.3.1",
      "resolved": "https://registry.npmjs.org/@formatjs/intl-datetimeformat/-/intl-datetimeformat-2.3.1.tgz",
      "integrity": "sha512-i1H3hflcILP40ETiaaWcmLOdkt/iDbfn/2Z8aCWss/IgP2b7r/mCXbgaRJh1dh6pCpmbLp5g4lpIrkvUKuhUtA==",
      "requires": {
        "@formatjs/intl-getcanonicallocales": "^1.3.1",
        "@formatjs/intl-utils": "^3.8.2"
      }
    },
    "@formatjs/intl-displaynames": {
      "version": "3.1.7",
      "resolved": "https://registry.npmjs.org/@formatjs/intl-displaynames/-/intl-displaynames-3.1.7.tgz",
      "integrity": "sha512-a0aOuCa8HUEq/vnc3cT88Ocww9tC6KbXhgfk4OzB38acFBWi34lAHTEC34ZmkJg1ASdWkbXOi18WdXNzEZCXZg==",
      "requires": {
        "@formatjs/intl-utils": "^3.8.2"
      }
    },
    "@formatjs/intl-getcanonicallocales": {
      "version": "1.3.1",
      "resolved": "https://registry.npmjs.org/@formatjs/intl-getcanonicallocales/-/intl-getcanonicallocales-1.3.1.tgz",
      "integrity": "sha512-0E1ZOTwIB8zEjqnW4V7k0gBVdmtbXiLfq1sWhX28Uq59iTmo+zoADre9dIr15Sx6Kl+4JgC6Mu9/bP3F746Fjg==",
      "requires": {
        "cldr-core": "36.0.0"
      }
    },
    "@formatjs/intl-listformat": {
      "version": "4.0.0",
      "resolved": "https://registry.npmjs.org/@formatjs/intl-listformat/-/intl-listformat-4.0.0.tgz",
      "integrity": "sha512-ptWeK9LSuvWZswZP0NpGkchoBOSi+brrbGC2MxakitkXb6o1smDtnLnQP0Ai/yv0/xR1bV+D8n9o++ycUgXwaA==",
      "requires": {
        "@formatjs/intl-utils": "^3.8.2"
      }
    },
    "@formatjs/intl-numberformat": {
      "version": "5.3.3",
      "resolved": "https://registry.npmjs.org/@formatjs/intl-numberformat/-/intl-numberformat-5.3.3.tgz",
      "integrity": "sha512-keU4arK7WoQMMfUuXzVP5nPzKFXrNpcNne/58OxxDxoJfqiv4vHiBjHHfPzy5xf+1rgnoplaV1mabNt1HTPtwA==",
      "requires": {
        "@formatjs/intl-utils": "^3.8.2"
      }
    },
    "@formatjs/intl-relativetimeformat": {
      "version": "7.0.0",
      "resolved": "https://registry.npmjs.org/@formatjs/intl-relativetimeformat/-/intl-relativetimeformat-7.0.0.tgz",
      "integrity": "sha512-QQpQezSY8Q5H/PZVvPAs8SFhoUVXM52le+UgKAYTyAkeC4lr+DkX4ZP7Msateu81K1jFB8jhxcSOUEzGie7g2w==",
      "requires": {
        "@formatjs/intl-utils": "^3.8.2"
      }
    },
    "@formatjs/intl-utils": {
      "version": "3.8.2",
      "resolved": "https://registry.npmjs.org/@formatjs/intl-utils/-/intl-utils-3.8.2.tgz",
      "integrity": "sha512-34J1HmuNSRYQgJ6Gi/dYJQzdDsyAPJOrzXx977UajrhlXlI+0dvoqleP4W+Qtyc65EqzTGtUSgqLYhoPty8v3w==",
      "requires": {
        "emojis-list": "^3.0.0"
      }
    },
    "@types/hoist-non-react-statics": {
      "version": "3.3.1",
      "resolved": "https://registry.npmjs.org/@types/hoist-non-react-statics/-/hoist-non-react-statics-3.3.1.tgz",
      "integrity": "sha512-iMIqiko6ooLrTh1joXodJK5X9xeEALT1kM5G3ZLhD3hszxBdIEd5C75U834D9mLcINgD4OyZf5uQXjkuYydWvA==",
      "requires": {
        "@types/react": "*",
        "hoist-non-react-statics": "^3.3.0"
      }
    },
    "@types/prop-types": {
      "version": "15.7.3",
      "resolved": "https://registry.npmjs.org/@types/prop-types/-/prop-types-15.7.3.tgz",
      "integrity": "sha512-KfRL3PuHmqQLOG+2tGpRO26Ctg+Cq1E01D2DMriKEATHgWLfeNDmq9e29Q9WIky0dQ3NPkd1mzYH8Lm936Z9qw=="
    },
    "@types/react": {
      "version": "16.9.46",
      "resolved": "https://registry.npmjs.org/@types/react/-/react-16.9.46.tgz",
      "integrity": "sha512-dbHzO3aAq1lB3jRQuNpuZ/mnu+CdD3H0WVaaBQA8LTT3S33xhVBUj232T8M3tAhSWJs/D/UqORYUlJNl/8VQZg==",
      "requires": {
        "@types/prop-types": "*",
        "csstype": "^3.0.2"
      }
    },
    "cldr-core": {
      "version": "36.0.0",
      "resolved": "https://registry.npmjs.org/cldr-core/-/cldr-core-36.0.0.tgz",
      "integrity": "sha512-QLnAjt20rZe38c8h8OJ9jPND+O4o5O8Nw0TK/P3KpNn1cmOhMu0rk6Kc3ap96c5OStQ9gAngs9+Be2sum26NOw=="
    },
    "csstype": {
      "version": "3.0.2",
      "resolved": "https://registry.npmjs.org/csstype/-/csstype-3.0.2.tgz",
      "integrity": "sha512-ofovWglpqoqbfLNOTBNZLSbMuGrblAf1efvvArGKOZMBrIoJeu5UsAipQolkijtyQx5MtAzT/J9IHj/CEY1mJw=="
    },
    "emojis-list": {
      "version": "3.0.0",
      "resolved": "https://registry.npmjs.org/emojis-list/-/emojis-list-3.0.0.tgz",
      "integrity": "sha512-/kyM18EfinwXZbno9FyUGeFh87KC8HRQBQGildHZbEuRyWFOmv1U10o9BBp8XVZDVNNuQKyIGIu5ZYAAXJ0V2Q=="
    },
    "fast-memoize": {
      "version": "2.5.2",
      "resolved": "https://registry.npmjs.org/fast-memoize/-/fast-memoize-2.5.2.tgz",
      "integrity": "sha512-Ue0LwpDYErFbmNnZSF0UH6eImUwDmogUO1jyE+JbN2gsQz/jICm1Ve7t9QT0rNSsfJt+Hs4/S3GnsDVjL4HVrw=="
    },
    "hoist-non-react-statics": {
      "version": "3.3.2",
      "resolved": "https://registry.npmjs.org/hoist-non-react-statics/-/hoist-non-react-statics-3.3.2.tgz",
      "integrity": "sha512-/gGivxi8JPKWNm/W0jSmzcMPpfpPLc3dY/6GxhX2hQ9iGj3aDfklV4ET7NjKpSinLpJ5vafa9iiGIEZg10SfBw==",
      "requires": {
        "react-is": "^16.7.0"
      }
    },
    "intl-messageformat": {
      "version": "9.2.0",
      "resolved": "https://registry.npmjs.org/intl-messageformat/-/intl-messageformat-9.2.0.tgz",
      "integrity": "sha512-mdASJPZpKfhbM//NLNIETArWgVL06j5M9ZdhgiKBO4XayS4GQHnXW+zVUE5iAwHcGZIKzvdWCj4D4kmNzUmEzA==",
      "requires": {
        "fast-memoize": "^2.5.2",
        "intl-messageformat-parser": "^5.3.7"
      }
    },
    "intl-messageformat-parser": {
      "version": "5.3.7",
      "resolved": "https://registry.npmjs.org/intl-messageformat-parser/-/intl-messageformat-parser-5.3.7.tgz",
      "integrity": "sha512-83C+eODXu/zfR35bKjSz/HKEGkNSHbsF1WOuZDgFs/TudaEuVIZ8pstQYFyY0CIuCGXomcSevrFW1d4y7nW5xw==",
      "requires": {
        "@formatjs/intl-numberformat": "^5.3.3"
      }
    },
    "react-intl": {
      "version": "5.4.7",
      "resolved": "https://registry.npmjs.org/react-intl/-/react-intl-5.4.7.tgz",
      "integrity": "sha512-oiR/w6KdVTFGa2LlycQYfumbbE0/YRymhmvj8diGYo3vvDjlZjjB1V/bzaGNWPhbNWwJXeMH+WHVylATHMCYbQ==",
      "requires": {
        "@formatjs/intl-datetimeformat": "^2.3.1",
        "@formatjs/intl-displaynames": "^3.1.7",
        "@formatjs/intl-listformat": "^4.0.0",
        "@formatjs/intl-numberformat": "^5.3.3",
        "@formatjs/intl-relativetimeformat": "^7.0.0",
        "@formatjs/intl-utils": "^3.8.2",
        "@types/hoist-non-react-statics": "^3.3.1",
        "fast-memoize": "^2.5.2",
        "hoist-non-react-statics": "^3.3.2",
        "intl-messageformat": "^9.2.0",
        "intl-messageformat-parser": "^5.3.7",
        "shallow-equal": "^1.2.1"
      }
    },
    "react-is": {
      "version": "16.13.1",
      "resolved": "https://registry.npmjs.org/react-is/-/react-is-16.13.1.tgz",
      "integrity": "sha512-24e6ynE2H+OKt4kqsOvNd8kBpV65zoxbA4BVsEOB3ARVWQki/DHzaUoC5KuON/BiccDaCCTZBuOcfZs70kR8bQ=="
    },
    "shallow-equal": {
      "version": "1.2.1",
      "resolved": "https://registry.npmjs.org/shallow-equal/-/shallow-equal-1.2.1.tgz",
      "integrity": "sha512-S4vJDjHHMBaiZuT9NPb616CSmLf618jawtv3sufLl6ivK8WocjAo58cXwbRV1cgqxH0Qbv+iUt6m05eqEa2IRA=="
    }
  }
}
